
Microsoft Visual Studio Solution File, Format Version 12.00
# Visual Studio 15
VisualStudioVersion = 15.0.27703.2026
MinimumVisualStudioVersion = 10.0.40219.1
Project("{FAE04EC0-301F-11D3-BF4B-00C04F79EFBC}") = "SpiderWeChat", "SpiderWeChat\SpiderWeChat.csproj", "{8E11E2D7-94F8-4A47-8229-7F9A82E3CBCC}"
EndProject
Global
	GlobalSection(SolutionConfigurationPlatforms) = preSolution
		Debug|Any CPU = Debug|Any CPU
		Release|Any CPU = Release|Any CPU
	EndGlobalSection
	GlobalSection(ProjectConfigurationPlatforms) = postSolution
		{8E11E2D7-94F8-4A47-8229-7F9A82E3CBCC}.Debug|Any CPU.ActiveCfg = Debug|Any CPU
		{8E11E2D7-94F8-4A47-8229-7F9A82E3CBCC}.Debug|Any CPU.Build.0 = Debug|Any CPU
		{8E11E2D7-94F8-4A47-8229-7F9A82E3CBCC}.Release|Any CPU.ActiveCfg = Release|Any CPU
		{8E11E2D7-94F8-4A47-8229-7F9A82E3CBCC}.Release|Any CPU.Build.0 = Release|Any CPU
	EndGlobalSection
	GlobalSection(SolutionProperties) = preSolution
		HideSolutionNode = FALSE
	EndGlobalSection
	GlobalSection(ExtensibilityGlobals) = postSolution
		SolutionGuid = {771236C1-F706-40AB-9043-767DBECA2190}
	EndGlobalSection
EndGlobal
